// !$*UTF8*$!
{
	archiveVersion = 1;
	classes = {
	};
	objectVersion = 50;
	objects = {

/* Begin PBXBuildFile section */
		0B04A26423DEE0AF00BCD9C5 /* SFSymbos.swift in Sources */ = {isa = PBXBuildFile; fileRef = 0B04A26323DEE0AF00BCD9C5 /* SFSymbos.swift */; };
		0B04D0A923F5AA7D0055A6E8 /* SearchCoordinator.swift in Sources */ = {isa = PBXBuildFile; fileRef = 0B04D0A823F5AA7D0055A6E8 /* SearchCoordinator.swift */; };
		0B04D0AB23F5AA980055A6E8 /* FavoritesCoordinator.swift in Sources */ = {isa = PBXBuildFile; fileRef = 0B04D0AA23F5AA980055A6E8 /* FavoritesCoordinator.swift */; };
		0B04D0AD23F5AB0D0055A6E8 /* UserListCoordinator.swift in Sources */ = {isa = PBXBuildFile; fileRef = 0B04D0AC23F5AB0D0055A6E8 /* UserListCoordinator.swift */; };
		0B04D0AF23F5AB430055A6E8 /* FollowerInfoCoordinator.swift in Sources */ = {isa = PBXBuildFile; fileRef = 0B04D0AE23F5AB430055A6E8 /* FollowerInfoCoordinator.swift */; };
		0B0B227023DC7F9C000C0785 /* HeaderCard.swift in Sources */ = {isa = PBXBuildFile; fileRef = 0B0B226F23DC7F9C000C0785 /* HeaderCard.swift */; };
		0B0B227223DC8100000C0785 /* SecondaryTitleLabel.swift in Sources */ = {isa = PBXBuildFile; fileRef = 0B0B227123DC8100000C0785 /* SecondaryTitleLabel.swift */; };
		0B16555A23D615D100ED5979 /* EmptyState.swift in Sources */ = {isa = PBXBuildFile; fileRef = 0B16555923D615D100ED5979 /* EmptyState.swift */; };
		0B2899F523BE3B8C002D84F8 /* SearchController.swift in Sources */ = {isa = PBXBuildFile; fileRef = 0B2899F423BE3B8C002D84F8 /* SearchController.swift */; };
		0B2899F723BE3BD0002D84F8 /* FavoritesController.swift in Sources */ = {isa = PBXBuildFile; fileRef = 0B2899F623BE3BD0002D84F8 /* FavoritesController.swift */; };
		0B2899F923BFA383002D84F8 /* CustomButton.swift in Sources */ = {isa = PBXBuildFile; fileRef = 0B2899F823BFA383002D84F8 /* CustomButton.swift */; };
		0B2899FB23BFAA3B002D84F8 /* TextField.swift in Sources */ = {isa = PBXBuildFile; fileRef = 0B2899FA23BFAA3B002D84F8 /* TextField.swift */; };
		0B3C694324044718007BEF14 /* FavoritesCell.swift in Sources */ = {isa = PBXBuildFile; fileRef = 0B3C694224044718007BEF14 /* FavoritesCell.swift */; };
		0B5F855F240572ED00A988CF /* FileManager+Ext.swift in Sources */ = {isa = PBXBuildFile; fileRef = 0B5F855E240572ED00A988CF /* FileManager+Ext.swift */; };
		0B60B2E823D07958003042C0 /* FlowLayout.swift in Sources */ = {isa = PBXBuildFile; fileRef = 0B60B2E723D07958003042C0 /* FlowLayout.swift */; };
		0B60B2EA23D105C9003042C0 /* CacheManager.swift in Sources */ = {isa = PBXBuildFile; fileRef = 0B60B2E923D105C9003042C0 /* CacheManager.swift */; };
		0B7466EA23F5D084000C0A94 /* MainTabBar.swift in Sources */ = {isa = PBXBuildFile; fileRef = 0B7466E923F5D084000C0A94 /* MainTabBar.swift */; };
		0B7AB60623C4E451007BF49D /* UsersListController.swift in Sources */ = {isa = PBXBuildFile; fileRef = 0B7AB60523C4E451007BF49D /* UsersListController.swift */; };
		0B7AB62C23C5E58D007BF49D /* TitleLabel.swift in Sources */ = {isa = PBXBuildFile; fileRef = 0B7AB62B23C5E58D007BF49D /* TitleLabel.swift */; };
		0B7AB62E23C5EB09007BF49D /* BodyLabel.swift in Sources */ = {isa = PBXBuildFile; fileRef = 0B7AB62D23C5EB09007BF49D /* BodyLabel.swift */; };
		0B85B0ED23C5F69700449C82 /* AlertViewController.swift in Sources */ = {isa = PBXBuildFile; fileRef = 0B85B0EC23C5F69700449C82 /* AlertViewController.swift */; };
		0B85B0EF23C6104B00449C82 /* UIViewController+Ext.swift in Sources */ = {isa = PBXBuildFile; fileRef = 0B85B0EE23C6104B00449C82 /* UIViewController+Ext.swift */; };
		0B85B0F723C6549E00449C82 /* Follower.swift in Sources */ = {isa = PBXBuildFile; fileRef = 0B85B0F623C6549E00449C82 /* Follower.swift */; };
		0B85B0F923C6555200449C82 /* User.swift in Sources */ = {isa = PBXBuildFile; fileRef = 0B85B0F823C6555200449C82 /* User.swift */; };
		0B8A74BA23C7803D00179F89 /* NetworkManager.swift in Sources */ = {isa = PBXBuildFile; fileRef = 0B8A74B923C7803D00179F89 /* NetworkManager.swift */; };
		0B8A74BC23C7870E00179F89 /* ErrorManager.swift in Sources */ = {isa = PBXBuildFile; fileRef = 0B8A74BB23C7870E00179F89 /* ErrorManager.swift */; };
		0B8A74BF23C7BEF200179F89 /* FollowerCell.swift in Sources */ = {isa = PBXBuildFile; fileRef = 0B8A74BE23C7BEF200179F89 /* FollowerCell.swift */; };
		0B8A74C123C7C4E700179F89 /* AvatarImageView.swift in Sources */ = {isa = PBXBuildFile; fileRef = 0B8A74C023C7C4E700179F89 /* AvatarImageView.swift */; };
		0B975F0523EAFA92005B3588 /* PersistenceManager.swift in Sources */ = {isa = PBXBuildFile; fileRef = 0B975F0423EAFA92005B3588 /* PersistenceManager.swift */; };
		0BA35A1C23FEB83200B97706 /* AppDelegateRouter.swift in Sources */ = {isa = PBXBuildFile; fileRef = 0BA35A1B23FEB83200B97706 /* AppDelegateRouter.swift */; };
		0BA35A1F23FEC23500B97706 /* Router.swift in Sources */ = {isa = PBXBuildFile; fileRef = 0BA35A1E23FEC23500B97706 /* Router.swift */; };
		0BA35A2123FEC24500B97706 /* NavigationRouter.swift in Sources */ = {isa = PBXBuildFile; fileRef = 0BA35A2023FEC24500B97706 /* NavigationRouter.swift */; };
		0BA55A0223E1881C00EEC650 /* ReusableCardView.swift in Sources */ = {isa = PBXBuildFile; fileRef = 0BA55A0123E1881C00EEC650 /* ReusableCardView.swift */; };
		0BA55A0423E1D5FA00EEC650 /* ReusableCardController.swift in Sources */ = {isa = PBXBuildFile; fileRef = 0BA55A0323E1D5FA00EEC650 /* ReusableCardController.swift */; };
		0BA55A0623E1D73800EEC650 /* FollowerInfoController.swift in Sources */ = {isa = PBXBuildFile; fileRef = 0BA55A0523E1D73800EEC650 /* FollowerInfoController.swift */; };
		0BA55A0923E1EE6900EEC650 /* RepoCard.swift in Sources */ = {isa = PBXBuildFile; fileRef = 0BA55A0823E1EE6900EEC650 /* RepoCard.swift */; };
		0BA55A0B23E1FC2800EEC650 /* FollowersCard.swift in Sources */ = {isa = PBXBuildFile; fileRef = 0BA55A0A23E1FC2800EEC650 /* FollowersCard.swift */; };
		0BAF8154240D2FC4005DA603 /* DeviceTypes.swift in Sources */ = {isa = PBXBuildFile; fileRef = 0BAF8153240D2FC4005DA603 /* DeviceTypes.swift */; };
		0BAF8156240D3D9C005DA603 /* AlertContainerView.swift in Sources */ = {isa = PBXBuildFile; fileRef = 0BAF8155240D3D9C005DA603 /* AlertContainerView.swift */; };
		0BAF815A240D6EC1005DA603 /* Composer.swift in Sources */ = {isa = PBXBuildFile; fileRef = 0BAF8159240D6EC1005DA603 /* Composer.swift */; };
		0BAF815C240D7489005DA603 /* Constants.swift in Sources */ = {isa = PBXBuildFile; fileRef = 0BAF815B240D7489005DA603 /* Constants.swift */; };
		0BC091EB23BA15E700E3548B /* AppDelegate.swift in Sources */ = {isa = PBXBuildFile; fileRef = 0BC091EA23BA15E700E3548B /* AppDelegate.swift */; };
		0BC091ED23BA15E800E3548B /* SceneDelegate.swift in Sources */ = {isa = PBXBuildFile; fileRef = 0BC091EC23BA15E800E3548B /* SceneDelegate.swift */; };
		0BC091F423BA15ED00E3548B /* Assets.xcassets in Resources */ = {isa = PBXBuildFile; fileRef = 0BC091F323BA15ED00E3548B /* Assets.xcassets */; };
		0BC091F723BA15ED00E3548B /* LaunchScreen.storyboard in Resources */ = {isa = PBXBuildFile; fileRef = 0BC091F523BA15ED00E3548B /* LaunchScreen.storyboard */; };
		0BD7B911240E78AD00310F1E /* UITableView+Ext.swift in Sources */ = {isa = PBXBuildFile; fileRef = 0BD7B910240E78AD00310F1E /* UITableView+Ext.swift */; };
		0BD7B913240E892800310F1E /* UIView+Ext.swift in Sources */ = {isa = PBXBuildFile; fileRef = 0BD7B912240E892800310F1E /* UIView+Ext.swift */; };
		0BDD052B23F29FB500C5496F /* Coordinator.swift in Sources */ = {isa = PBXBuildFile; fileRef = 0BDD052A23F29FB500C5496F /* Coordinator.swift */; };
		0BDD052E23F2A05000C5496F /* MainCoordinator.swift in Sources */ = {isa = PBXBuildFile; fileRef = 0BDD052D23F2A05000C5496F /* MainCoordinator.swift */; };
/* End PBXBuildFile section */

/* Begin PBXFileReference section */
		0B04A26323DEE0AF00BCD9C5 /* SFSymbos.swift */ = {isa = PBXFileReference; lastKnownFileType = sourcecode.swift; path = SFSymbos.swift; sourceTree = "<group>"; };
		0B04D0A823F5AA7D0055A6E8 /* SearchCoordinator.swift */ = {isa = PBXFileReference; lastKnownFileType = sourcecode.swift; path = SearchCoordinator.swift; sourceTree = "<group>"; };
		0B04D0AA23F5AA980055A6E8 /* FavoritesCoordinator.swift */ = {isa = PBXFileReference; lastKnownFileType = sourcecode.swift; path = FavoritesCoordinator.swift; sourceTree = "<group>"; };
		0B04D0AC23F5AB0D0055A6E8 /* UserListCoordinator.swift */ = {isa = PBXFileReference; lastKnownFileType = sourcecode.swift; path = UserListCoordinator.swift; sourceTree = "<group>"; };
		0B04D0AE23F5AB430055A6E8 /* FollowerInfoCoordinator.swift */ = {isa = PBXFileReference; lastKnownFileType = sourcecode.swift; path = FollowerInfoCoordinator.swift; sourceTree = "<group>"; };
		0B0B226F23DC7F9C000C0785 /* HeaderCard.swift */ = {isa = PBXFileReference; lastKnownFileType = sourcecode.swift; name = HeaderCard.swift; path = "../Custom Views/HeaderCard.swift"; sourceTree = "<group>"; };
		0B0B227123DC8100000C0785 /* SecondaryTitleLabel.swift */ = {isa = PBXFileReference; lastKnownFileType = sourcecode.swift; path = SecondaryTitleLabel.swift; sourceTree = "<group>"; };
		0B16555923D615D100ED5979 /* EmptyState.swift */ = {isa = PBXFileReference; lastKnownFileType = sourcecode.swift; path = EmptyState.swift; sourceTree = "<group>"; };
		0B2899F423BE3B8C002D84F8 /* SearchController.swift */ = {isa = PBXFileReference; lastKnownFileType = sourcecode.swift; path = SearchController.swift; sourceTree = "<group>"; };
		0B2899F623BE3BD0002D84F8 /* FavoritesController.swift */ = {isa = PBXFileReference; lastKnownFileType = sourcecode.swift; path = FavoritesController.swift; sourceTree = "<group>"; };
		0B2899F823BFA383002D84F8 /* CustomButton.swift */ = {isa = PBXFileReference; lastKnownFileType = sourcecode.swift; path = CustomButton.swift; sourceTree = "<group>"; };
		0B2899FA23BFAA3B002D84F8 /* TextField.swift */ = {isa = PBXFileReference; lastKnownFileType = sourcecode.swift; path = TextField.swift; sourceTree = "<group>"; };
		0B39CB1B241FD421004BD0D0 /* CustomUIElements */ = {isa = PBXFileReference; lastKnownFileType = folder; name = CustomUIElements; path = ../../../SwiftPackages/CustomUIElements; sourceTree = "<group>"; };
		0B3C694224044718007BEF14 /* FavoritesCell.swift */ = {isa = PBXFileReference; lastKnownFileType = sourcecode.swift; path = FavoritesCell.swift; sourceTree = "<group>"; };
		0B5F855E240572ED00A988CF /* FileManager+Ext.swift */ = {isa = PBXFileReference; lastKnownFileType = sourcecode.swift; path = "FileManager+Ext.swift"; sourceTree = "<group>"; };
		0B60B2E723D07958003042C0 /* FlowLayout.swift */ = {isa = PBXFileReference; lastKnownFileType = sourcecode.swift; path = FlowLayout.swift; sourceTree = "<group>"; };
		0B60B2E923D105C9003042C0 /* CacheManager.swift */ = {isa = PBXFileReference; lastKnownFileType = sourcecode.swift; path = CacheManager.swift; sourceTree = "<group>"; };
		0B7466E923F5D084000C0A94 /* MainTabBar.swift */ = {isa = PBXFileReference; lastKnownFileType = sourcecode.swift; path = MainTabBar.swift; sourceTree = "<group>"; };
		0B7AB60523C4E451007BF49D /* UsersListController.swift */ = {isa = PBXFileReference; lastKnownFileType = sourcecode.swift; path = UsersListController.swift; sourceTree = "<group>"; xcLanguageSpecificationIdentifier = xcode.lang.swift; };
		0B7AB62B23C5E58D007BF49D /* TitleLabel.swift */ = {isa = PBXFileReference; lastKnownFileType = sourcecode.swift; path = TitleLabel.swift; sourceTree = "<group>"; };
		0B7AB62D23C5EB09007BF49D /* BodyLabel.swift */ = {isa = PBXFileReference; lastKnownFileType = sourcecode.swift; path = BodyLabel.swift; sourceTree = "<group>"; };
		0B85B0EC23C5F69700449C82 /* AlertViewController.swift */ = {isa = PBXFileReference; lastKnownFileType = sourcecode.swift; path = AlertViewController.swift; sourceTree = "<group>"; };
		0B85B0EE23C6104B00449C82 /* UIViewController+Ext.swift */ = {isa = PBXFileReference; lastKnownFileType = sourcecode.swift; path = "UIViewController+Ext.swift"; sourceTree = "<group>"; };
		0B85B0F623C6549E00449C82 /* Follower.swift */ = {isa = PBXFileReference; lastKnownFileType = sourcecode.swift; path = Follower.swift; sourceTree = "<group>"; };
		0B85B0F823C6555200449C82 /* User.swift */ = {isa = PBXFileReference; lastKnownFileType = sourcecode.swift; path = User.swift; sourceTree = "<group>"; };
		0B8A74B923C7803D00179F89 /* NetworkManager.swift */ = {isa = PBXFileReference; lastKnownFileType = sourcecode.swift; path = NetworkManager.swift; sourceTree = "<group>"; };
		0B8A74BB23C7870E00179F89 /* ErrorManager.swift */ = {isa = PBXFileReference; lastKnownFileType = sourcecode.swift; path = ErrorManager.swift; sourceTree = "<group>"; };
		0B8A74BE23C7BEF200179F89 /* FollowerCell.swift */ = {isa = PBXFileReference; lastKnownFileType = sourcecode.swift; path = FollowerCell.swift; sourceTree = "<group>"; };
		0B8A74C023C7C4E700179F89 /* AvatarImageView.swift */ = {isa = PBXFileReference; lastKnownFileType = sourcecode.swift; path = AvatarImageView.swift; sourceTree = "<group>"; };
		0B975F0423EAFA92005B3588 /* PersistenceManager.swift */ = {isa = PBXFileReference; lastKnownFileType = sourcecode.swift; path = PersistenceManager.swift; sourceTree = "<group>"; };
		0BA35A1B23FEB83200B97706 /* AppDelegateRouter.swift */ = {isa = PBXFileReference; lastKnownFileType = sourcecode.swift; path = AppDelegateRouter.swift; sourceTree = "<group>"; };
		0BA35A1E23FEC23500B97706 /* Router.swift */ = {isa = PBXFileReference; fileEncoding = 4; lastKnownFileType = sourcecode.swift; path = Router.swift; sourceTree = "<group>"; };
		0BA35A2023FEC24500B97706 /* NavigationRouter.swift */ = {isa = PBXFileReference; fileEncoding = 4; lastKnownFileType = sourcecode.swift; path = NavigationRouter.swift; sourceTree = "<group>"; };
		0BA55A0123E1881C00EEC650 /* ReusableCardView.swift */ = {isa = PBXFileReference; lastKnownFileType = sourcecode.swift; path = ReusableCardView.swift; sourceTree = "<group>"; };
		0BA55A0323E1D5FA00EEC650 /* ReusableCardController.swift */ = {isa = PBXFileReference; lastKnownFileType = sourcecode.swift; path = ReusableCardController.swift; sourceTree = "<group>"; };
		0BA55A0523E1D73800EEC650 /* FollowerInfoController.swift */ = {isa = PBXFileReference; lastKnownFileType = sourcecode.swift; path = FollowerInfoController.swift; sourceTree = "<group>"; };
		0BA55A0823E1EE6900EEC650 /* RepoCard.swift */ = {isa = PBXFileReference; lastKnownFileType = sourcecode.swift; path = RepoCard.swift; sourceTree = "<group>"; };
		0BA55A0A23E1FC2800EEC650 /* FollowersCard.swift */ = {isa = PBXFileReference; lastKnownFileType = sourcecode.swift; path = FollowersCard.swift; sourceTree = "<group>"; };
		0BAF8153240D2FC4005DA603 /* DeviceTypes.swift */ = {isa = PBXFileReference; lastKnownFileType = sourcecode.swift; path = DeviceTypes.swift; sourceTree = "<group>"; };
		0BAF8155240D3D9C005DA603 /* AlertContainerView.swift */ = {isa = PBXFileReference; lastKnownFileType = sourcecode.swift; path = AlertContainerView.swift; sourceTree = "<group>"; };
		0BAF8159240D6EC1005DA603 /* Composer.swift */ = {isa = PBXFileReference; lastKnownFileType = sourcecode.swift; path = Composer.swift; sourceTree = "<group>"; };
		0BAF815B240D7489005DA603 /* Constants.swift */ = {isa = PBXFileReference; lastKnownFileType = sourcecode.swift; path = Constants.swift; sourceTree = "<group>"; };
		0BC091E723BA15E700E3548B /* Github-Followers.app */ = {isa = PBXFileReference; explicitFileType = wrapper.application; includeInIndex = 0; path = "Github-Followers.app"; sourceTree = BUILT_PRODUCTS_DIR; };
		0BC091EA23BA15E700E3548B /* AppDelegate.swift */ = {isa = PBXFileReference; lastKnownFileType = sourcecode.swift; path = AppDelegate.swift; sourceTree = "<group>"; };
		0BC091EC23BA15E800E3548B /* SceneDelegate.swift */ = {isa = PBXFileReference; lastKnownFileType = sourcecode.swift; path = SceneDelegate.swift; sourceTree = "<group>"; };
		0BC091F323BA15ED00E3548B /* Assets.xcassets */ = {isa = PBXFileReference; lastKnownFileType = folder.assetcatalog; path = Assets.xcassets; sourceTree = "<group>"; };
		0BC091F623BA15ED00E3548B /* Base */ = {isa = PBXFileReference; lastKnownFileType = file.storyboard; name = Base; path = Base.lproj/LaunchScreen.storyboard; sourceTree = "<group>"; };
		0BC091F823BA15ED00E3548B /* Info.plist */ = {isa = PBXFileReference; lastKnownFileType = text.plist.xml; path = Info.plist; sourceTree = "<group>"; };
		0BD7B910240E78AD00310F1E /* UITableView+Ext.swift */ = {isa = PBXFileReference; lastKnownFileType = sourcecode.swift; path = "UITableView+Ext.swift"; sourceTree = "<group>"; };
		0BD7B912240E892800310F1E /* UIView+Ext.swift */ = {isa = PBXFileReference; lastKnownFileType = sourcecode.swift; path = "UIView+Ext.swift"; sourceTree = "<group>"; };
		0BDD052A23F29FB500C5496F /* Coordinator.swift */ = {isa = PBXFileReference; lastKnownFileType = sourcecode.swift; path = Coordinator.swift; sourceTree = "<group>"; };
		0BDD052D23F2A05000C5496F /* MainCoordinator.swift */ = {isa = PBXFileReference; lastKnownFileType = sourcecode.swift; path = MainCoordinator.swift; sourceTree = "<group>"; };
/* End PBXFileReference section */

/* Begin PBXFrameworksBuildPhase section */
		0BC091E423BA15E700E3548B /* Frameworks */ = {
			isa = PBXFrameworksBuildPhase;
			buildActionMask = 2147483647;
			files = (
			);
			runOnlyForDeploymentPostprocessing = 0;
		};
/* End PBXFrameworksBuildPhase section */

/* Begin PBXGroup section */
		0B01926A23E81DB300A7DE0A /* Protocols */ = {
			isa = PBXGroup;
			children = (
				0BDD052A23F29FB500C5496F /* Coordinator.swift */,
				0BAF8159240D6EC1005DA603 /* Composer.swift */,
			);
			path = Protocols;
			sourceTree = "<group>";
		};
		0B04D0A723F5AA390055A6E8 /* TabBar */ = {
			isa = PBXGroup;
			children = (
				0B7466E923F5D084000C0A94 /* MainTabBar.swift */,
			);
			name = TabBar;
			sourceTree = "<group>";
		};
		0B04D0B023F5AB6A0055A6E8 /* ChildCoordinators */ = {
			isa = PBXGroup;
			children = (
				0B04D0A823F5AA7D0055A6E8 /* SearchCoordinator.swift */,
				0B04D0AA23F5AA980055A6E8 /* FavoritesCoordinator.swift */,
				0B04D0AC23F5AB0D0055A6E8 /* UserListCoordinator.swift */,
				0B04D0AE23F5AB430055A6E8 /* FollowerInfoCoordinator.swift */,
			);
			name = ChildCoordinators;
			sourceTree = "<group>";
		};
		0B16555823D6159600ED5979 /* Views */ = {
			isa = PBXGroup;
			children = (
				0B16555923D615D100ED5979 /* EmptyState.swift */,
				0BA55A0123E1881C00EEC650 /* ReusableCardView.swift */,
				0BAF8155240D3D9C005DA603 /* AlertContainerView.swift */,
			);
			name = Views;
			sourceTree = "<group>";
		};
		0B60B2E423CFAE86003042C0 /* Additional Files */ = {
			isa = PBXGroup;
			children = (
				0B60B2E723D07958003042C0 /* FlowLayout.swift */,
				0B04A26323DEE0AF00BCD9C5 /* SFSymbos.swift */,
				0BAF8153240D2FC4005DA603 /* DeviceTypes.swift */,
				0BAF815B240D7489005DA603 /* Constants.swift */,
			);
			path = "Additional Files";
			sourceTree = "<group>";
		};
		0B723D9523CCDA1E0023DE33 /* Labels */ = {
			isa = PBXGroup;
			children = (
				0B7AB62B23C5E58D007BF49D /* TitleLabel.swift */,
				0B7AB62D23C5EB09007BF49D /* BodyLabel.swift */,
				0B0B227123DC8100000C0785 /* SecondaryTitleLabel.swift */,
			);
			name = Labels;
			sourceTree = "<group>";
		};
		0B723D9623CCDAF90023DE33 /* Buttons */ = {
			isa = PBXGroup;
			children = (
				0B2899F823BFA383002D84F8 /* CustomButton.swift */,
			);
			name = Buttons;
			sourceTree = "<group>";
		};
		0B723D9823CCDBDD0023DE33 /* TextFields */ = {
			isa = PBXGroup;
			children = (
				0B2899FA23BFAA3B002D84F8 /* TextField.swift */,
			);
			name = TextFields;
			sourceTree = "<group>";
		};
		0B723D9923CCDBED0023DE33 /* ImageViews */ = {
			isa = PBXGroup;
			children = (
				0B8A74C023C7C4E700179F89 /* AvatarImageView.swift */,
			);
			name = ImageViews;
			sourceTree = "<group>";
		};
		0B85B0F023C63A5C00449C82 /* Extensions */ = {
			isa = PBXGroup;
			children = (
				0B85B0EE23C6104B00449C82 /* UIViewController+Ext.swift */,
				0B5F855E240572ED00A988CF /* FileManager+Ext.swift */,
				0BD7B910240E78AD00310F1E /* UITableView+Ext.swift */,
				0BD7B912240E892800310F1E /* UIView+Ext.swift */,
			);
			path = Extensions;
			sourceTree = "<group>";
		};
		0B85B0F223C63A7800449C82 /* Custom Views */ = {
			isa = PBXGroup;
			children = (
				0B16555823D6159600ED5979 /* Views */,
				0B723D9923CCDBED0023DE33 /* ImageViews */,
				0B723D9823CCDBDD0023DE33 /* TextFields */,
				0B723D9623CCDAF90023DE33 /* Buttons */,
				0B723D9523CCDA1E0023DE33 /* Labels */,
				0B8A74BD23C7BEB300179F89 /* Cells */,
			);
			path = "Custom Views";
			sourceTree = "<group>";
		};
		0B85B0F323C63A9300449C82 /* Controllers */ = {
			isa = PBXGroup;
			children = (
				0B85B0EC23C5F69700449C82 /* AlertViewController.swift */,
				0BA55A0323E1D5FA00EEC650 /* ReusableCardController.swift */,
				0B9CF29D23ED915C0062A90C /* Screens */,
				0BA55A0723E1EDF300EEC650 /* containers */,
			);
			path = Controllers;
			sourceTree = "<group>";
		};
		0B85B0F523C63FB400449C82 /* Models */ = {
			isa = PBXGroup;
			children = (
				0B85B0F623C6549E00449C82 /* Follower.swift */,
				0B85B0F823C6555200449C82 /* User.swift */,
			);
			path = Models;
			sourceTree = "<group>";
		};
		0B85B0FA23C66EF900449C82 /* Support */ = {
			isa = PBXGroup;
			children = (
				0BC091F823BA15ED00E3548B /* Info.plist */,
				0BC091EA23BA15E700E3548B /* AppDelegate.swift */,
				0BC091EC23BA15E800E3548B /* SceneDelegate.swift */,
				0BA35A1B23FEB83200B97706 /* AppDelegateRouter.swift */,
				0BC091F323BA15ED00E3548B /* Assets.xcassets */,
				0BC091F523BA15ED00E3548B /* LaunchScreen.storyboard */,
			);
			name = Support;
			sourceTree = "<group>";
		};
		0B8A74B723C7800600179F89 /* Managers */ = {
			isa = PBXGroup;
			children = (
				0B8A74B923C7803D00179F89 /* NetworkManager.swift */,
				0B8A74BB23C7870E00179F89 /* ErrorManager.swift */,
				0B60B2E923D105C9003042C0 /* CacheManager.swift */,
				0B975F0423EAFA92005B3588 /* PersistenceManager.swift */,
			);
			path = Managers;
			sourceTree = "<group>";
		};
		0B8A74BD23C7BEB300179F89 /* Cells */ = {
			isa = PBXGroup;
			children = (
				0B8A74BE23C7BEF200179F89 /* FollowerCell.swift */,
				0B3C694224044718007BEF14 /* FavoritesCell.swift */,
			);
			path = Cells;
			sourceTree = "<group>";
		};
		0B9CF29D23ED915C0062A90C /* Screens */ = {
			isa = PBXGroup;
			children = (
				0B2899F423BE3B8C002D84F8 /* SearchController.swift */,
				0B7AB60523C4E451007BF49D /* UsersListController.swift */,
				0B2899F623BE3BD0002D84F8 /* FavoritesController.swift */,
				0BA55A0523E1D73800EEC650 /* FollowerInfoController.swift */,
			);
			name = Screens;
			sourceTree = "<group>";
		};
		0BA35A1D23FEC1FC00B97706 /* Routers */ = {
			isa = PBXGroup;
			children = (
				0BA35A1E23FEC23500B97706 /* Router.swift */,
				0BA35A2023FEC24500B97706 /* NavigationRouter.swift */,
			);
			path = Routers;
			sourceTree = "<group>";
		};
		0BA55A0723E1EDF300EEC650 /* containers */ = {
			isa = PBXGroup;
			children = (
				0B0B226F23DC7F9C000C0785 /* HeaderCard.swift */,
				0BA55A0823E1EE6900EEC650 /* RepoCard.swift */,
				0BA55A0A23E1FC2800EEC650 /* FollowersCard.swift */,
			);
			name = containers;
			sourceTree = "<group>";
		};
		0BC091DE23BA15E700E3548B = {
			isa = PBXGroup;
			children = (
				0BC091E923BA15E700E3548B /* Github-Followers */,
				0B60B2E423CFAE86003042C0 /* Additional Files */,
				0BC091E823BA15E700E3548B /* Products */,
			);
			sourceTree = "<group>";
		};
		0BC091E823BA15E700E3548B /* Products */ = {
			isa = PBXGroup;
			children = (
				0BC091E723BA15E700E3548B /* Github-Followers.app */,
			);
			name = Products;
			sourceTree = "<group>";
		};
		0BC091E923BA15E700E3548B /* Github-Followers */ = {
			isa = PBXGroup;
			children = (
				0B39CB1B241FD421004BD0D0 /* CustomUIElements */,
				0B85B0FA23C66EF900449C82 /* Support */,
				0B8A74B723C7800600179F89 /* Managers */,
				0B85B0F523C63FB400449C82 /* Models */,
				0BA35A1D23FEC1FC00B97706 /* Routers */,
				0B85B0F323C63A9300449C82 /* Controllers */,
				0BDD052C23F2A02A00C5496F /* Coordinators */,
				0B85B0F223C63A7800449C82 /* Custom Views */,
				0B01926A23E81DB300A7DE0A /* Protocols */,
				0B85B0F023C63A5C00449C82 /* Extensions */,
			);
			path = "Github-Followers";
			sourceTree = "<group>";
		};
		0BDD052C23F2A02A00C5496F /* Coordinators */ = {
			isa = PBXGroup;
			children = (
				0B04D0A723F5AA390055A6E8 /* TabBar */,
				0BDD052D23F2A05000C5496F /* MainCoordinator.swift */,
				0B04D0B023F5AB6A0055A6E8 /* ChildCoordinators */,
			);
			path = Coordinators;
			sourceTree = "<group>";
		};
/* End PBXGroup section */

/* Begin PBXNativeTarget section */
		0BC091E623BA15E700E3548B /* Github-Followers */ = {
			isa = PBXNativeTarget;
			buildConfigurationList = 0BC091FB23BA15ED00E3548B /* Build configuration list for PBXNativeTarget "Github-Followers" */;
			buildPhases = (
				0BC091E323BA15E700E3548B /* Sources */,
				0BC091E423BA15E700E3548B /* Frameworks */,
				0BC091E523BA15E700E3548B /* Resources */,
			);
			buildRules = (
			);
			dependencies = (
			);
			name = "Github-Followers";
			productName = "Github-Followers";
			productReference = 0BC091E723BA15E700E3548B /* Github-Followers.app */;
			productType = "com.apple.product-type.application";
		};
/* End PBXNativeTarget section */

/* Begin PBXProject section */
		0BC091DF23BA15E700E3548B /* Project object */ = {
			isa = PBXProject;
			attributes = {
				LastSwiftUpdateCheck = 1130;
				LastUpgradeCheck = 1130;
				ORGANIZATIONNAME = "Petre Vane";
				TargetAttributes = {
					0BC091E623BA15E700E3548B = {
						CreatedOnToolsVersion = 11.3;
					};
				};
			};
			buildConfigurationList = 0BC091E223BA15E700E3548B /* Build configuration list for PBXProject "Github-Followers" */;
			compatibilityVersion = "Xcode 9.3";
			developmentRegion = en;
			hasScannedForEncodings = 0;
			knownRegions = (
				en,
				Base,
			);
			mainGroup = 0BC091DE23BA15E700E3548B;
			productRefGroup = 0BC091E823BA15E700E3548B /* Products */;
			projectDirPath = "";
			projectRoot = "";
			targets = (
				0BC091E623BA15E700E3548B /* Github-Followers */,
			);
		};
/* End PBXProject section */

/* Begin PBXResourcesBuildPhase section */
		0BC091E523BA15E700E3548B /* Resources */ = {
			isa = PBXResourcesBuildPhase;
			buildActionMask = 2147483647;
			files = (
				0BC091F723BA15ED00E3548B /* LaunchScreen.storyboard in Resources */,
				0BC091F423BA15ED00E3548B /* Assets.xcassets in Resources */,
			);
			runOnlyForDeploymentPostprocessing = 0;
		};
/* End PBXResourcesBuildPhase section */

/* Begin PBXSourcesBuildPhase section */
		0BC091E323BA15E700E3548B /* Sources */ = {
			isa = PBXSourcesBuildPhase;
			buildActionMask = 2147483647;
			files = (
				0BA55A0B23E1FC2800EEC650 /* FollowersCard.swift in Sources */,
				0B85B0F923C6555200449C82 /* User.swift in Sources */,
				0B0B227023DC7F9C000C0785 /* HeaderCard.swift in Sources */,
				0B04A26423DEE0AF00BCD9C5 /* SFSymbos.swift in Sources */,
				0BC091EB23BA15E700E3548B /* AppDelegate.swift in Sources */,
				0B85B0EF23C6104B00449C82 /* UIViewController+Ext.swift in Sources */,
				0B2899F923BFA383002D84F8 /* CustomButton.swift in Sources */,
				0B2899F523BE3B8C002D84F8 /* SearchController.swift in Sources */,
				0B975F0523EAFA92005B3588 /* PersistenceManager.swift in Sources */,
				0BA55A0223E1881C00EEC650 /* ReusableCardView.swift in Sources */,
				0B8A74C123C7C4E700179F89 /* AvatarImageView.swift in Sources */,
				0BD7B913240E892800310F1E /* UIView+Ext.swift in Sources */,
				0B2899F723BE3BD0002D84F8 /* FavoritesController.swift in Sources */,
				0BA35A2123FEC24500B97706 /* NavigationRouter.swift in Sources */,
				0B0B227223DC8100000C0785 /* SecondaryTitleLabel.swift in Sources */,
				0B60B2E823D07958003042C0 /* FlowLayout.swift in Sources */,
				0B7AB60623C4E451007BF49D /* UsersListController.swift in Sources */,
				0B8A74BF23C7BEF200179F89 /* FollowerCell.swift in Sources */,
				0BA55A0623E1D73800EEC650 /* FollowerInfoController.swift in Sources */,
				0B7AB62C23C5E58D007BF49D /* TitleLabel.swift in Sources */,
				0B85B0F723C6549E00449C82 /* Follower.swift in Sources */,
				0BA55A0423E1D5FA00EEC650 /* ReusableCardController.swift in Sources */,
				0B8A74BC23C7870E00179F89 /* ErrorManager.swift in Sources */,
				0BDD052E23F2A05000C5496F /* MainCoordinator.swift in Sources */,
				0BD7B911240E78AD00310F1E /* UITableView+Ext.swift in Sources */,
				0BA55A0923E1EE6900EEC650 /* RepoCard.swift in Sources */,
				0B04D0AD23F5AB0D0055A6E8 /* UserListCoordinator.swift in Sources */,
				0BAF815A240D6EC1005DA603 /* Composer.swift in Sources */,
				0B60B2EA23D105C9003042C0 /* CacheManager.swift in Sources */,
				0BDD052B23F29FB500C5496F /* Coordinator.swift in Sources */,
				0B7466EA23F5D084000C0A94 /* MainTabBar.swift in Sources */,
				0B85B0ED23C5F69700449C82 /* AlertViewController.swift in Sources */,
				0B16555A23D615D100ED5979 /* EmptyState.swift in Sources */,
				0B8A74BA23C7803D00179F89 /* NetworkManager.swift in Sources */,
				0BA35A1F23FEC23500B97706 /* Router.swift in Sources */,
				0B5F855F240572ED00A988CF /* FileManager+Ext.swift in Sources */,
				0BA35A1C23FEB83200B97706 /* AppDelegateRouter.swift in Sources */,
				0BAF815C240D7489005DA603 /* Constants.swift in Sources */,
				0B3C694324044718007BEF14 /* FavoritesCell.swift in Sources */,
				0BAF8154240D2FC4005DA603 /* DeviceTypes.swift in Sources */,
				0B04D0AB23F5AA980055A6E8 /* FavoritesCoordinator.swift in Sources */,
				0BC091ED23BA15E800E3548B /* SceneDelegate.swift in Sources */,
				0B04D0AF23F5AB430055A6E8 /* FollowerInfoCoordinator.swift in Sources */,
				0B2899FB23BFAA3B002D84F8 /* TextField.swift in Sources */,
				0B7AB62E23C5EB09007BF49D /* BodyLabel.swift in Sources */,
				0BAF8156240D3D9C005DA603 /* AlertContainerView.swift in Sources */,
				0B04D0A923F5AA7D0055A6E8 /* SearchCoordinator.swift in Sources */,
			);
			runOnlyForDeploymentPostprocessing = 0;
		};
/* End PBXSourcesBuildPhase section */

/* Begin PBXVariantGroup section */
		0BC091F523BA15ED00E3548B /* LaunchScreen.storyboard */ = {
			isa = PBXVariantGroup;
			children = (
				0BC091F623BA15ED00E3548B /* Base */,
			);
			name = LaunchScreen.storyboard;
			sourceTree = "<group>";
		};
/* End PBXVariantGroup section */

/* Begin XCBuildConfiguration section */
		0BC091F923BA15ED00E3548B /* Debug */ = {
			isa = XCBuildConfiguration;
			buildSettings = {
				ALWAYS_SEARCH_USER_PATHS = NO;
				CLANG_ANALYZER_NONNULL = YES;
				CLANG_ANALYZER_NUMBER_OBJECT_CONVERSION = YES_AGGRESSIVE;
				CLANG_CXX_LANGUAGE_STANDARD = "gnu++14";
				CLANG_CXX_LIBRARY = "libc++";
				CLANG_ENABLE_MODULES = YES;
				CLANG_ENABLE_OBJC_ARC = YES;
				CLANG_ENABLE_OBJC_WEAK = YES;
				CLANG_WARN_BLOCK_CAPTURE_AUTORELEASING = YES;
				CLANG_WARN_BOOL_CONVERSION = YES;
				CLANG_WARN_COMMA = YES;
				CLANG_WARN_CONSTANT_CONVERSION = YES;
				CLANG_WARN_DEPRECATED_OBJC_IMPLEMENTATIONS = YES;
				CLANG_WARN_DIRECT_OBJC_ISA_USAGE = YES_ERROR;
				CLANG_WARN_DOCUMENTATION_COMMENTS = YES;
				CLANG_WARN_EMPTY_BODY = YES;
				CLANG_WARN_ENUM_CONVERSION = YES;
				CLANG_WARN_INFINITE_RECURSION = YES;
				CLANG_WARN_INT_CONVERSION = YES;
				CLANG_WARN_NON_LITERAL_NULL_CONVERSION = YES;
				CLANG_WARN_OBJC_IMPLICIT_RETAIN_SELF = YES;
				CLANG_WARN_OBJC_LITERAL_CONVERSION = YES;
				CLANG_WARN_OBJC_ROOT_CLASS = YES_ERROR;
				CLANG_WARN_RANGE_LOOP_ANALYSIS = YES;
				CLANG_WARN_STRICT_PROTOTYPES = YES;
				CLANG_WARN_SUSPICIOUS_MOVE = YES;
				CLANG_WARN_UNGUARDED_AVAILABILITY = YES_AGGRESSIVE;
				CLANG_WARN_UNREACHABLE_CODE = YES;
				CLANG_WARN__DUPLICATE_METHOD_MATCH = YES;
				COPY_PHASE_STRIP = NO;
				DEBUG_INFORMATION_FORMAT = dwarf;
				ENABLE_STRICT_OBJC_MSGSEND = YES;
				ENABLE_TESTABILITY = YES;
				GCC_C_LANGUAGE_STANDARD = gnu11;
				GCC_DYNAMIC_NO_PIC = NO;
				GCC_NO_COMMON_BLOCKS = YES;
				GCC_OPTIMIZATION_LEVEL = 0;
				GCC_PREPROCESSOR_DEFINITIONS = (
					"DEBUG=1",
					"$(inherited)",
				);
				GCC_WARN_64_TO_32_BIT_CONVERSION = YES;
				GCC_WARN_ABOUT_RETURN_TYPE = YES_ERROR;
				GCC_WARN_UNDECLARED_SELECTOR = YES;
				GCC_WARN_UNINITIALIZED_AUTOS = YES_AGGRESSIVE;
				GCC_WARN_UNUSED_FUNCTION = YES;
				GCC_WARN_UNUSED_VARIABLE = YES;
				IPHONEOS_DEPLOYMENT_TARGET = 13.2;
				MTL_ENABLE_DEBUG_INFO = INCLUDE_SOURCE;
				MTL_FAST_MATH = YES;
				ONLY_ACTIVE_ARCH = YES;
				SDKROOT = iphoneos;
				SWIFT_ACTIVE_COMPILATION_CONDITIONS = DEBUG;
				SWIFT_OPTIMIZATION_LEVEL = "-Onone";
			};
			name = Debug;
		};
		0BC091FA23BA15ED00E3548B /* Release */ = {
			isa = XCBuildConfiguration;
			buildSettings = {
				ALWAYS_SEARCH_USER_PATHS = NO;
				CLANG_ANALYZER_NONNULL = YES;
				CLANG_ANALYZER_NUMBER_OBJECT_CONVERSION = YES_AGGRESSIVE;
				CLANG_CXX_LANGUAGE_STANDARD = "gnu++14";
				CLANG_CXX_LIBRARY = "libc++";
				CLANG_ENABLE_MODULES = YES;
				CLANG_ENABLE_OBJC_ARC = YES;
				CLANG_ENABLE_OBJC_WEAK = YES;
				CLANG_WARN_BLOCK_CAPTURE_AUTORELEASING = YES;
				CLANG_WARN_BOOL_CONVERSION = YES;
				CLANG_WARN_COMMA = YES;
				CLANG_WARN_CONSTANT_CONVERSION = YES;
				CLANG_WARN_DEPRECATED_OBJC_IMPLEMENTATIONS = YES;
				CLANG_WARN_DIRECT_OBJC_ISA_USAGE = YES_ERROR;
				CLANG_WARN_DOCUMENTATION_COMMENTS = YES;
				CLANG_WARN_EMPTY_BODY = YES;
				CLANG_WARN_ENUM_CONVERSION = YES;
				CLANG_WARN_INFINITE_RECURSION = YES;
				CLANG_WARN_INT_CONVERSION = YES;
				CLANG_WARN_NON_LITERAL_NULL_CONVERSION = YES;
				CLANG_WARN_OBJC_IMPLICIT_RETAIN_SELF = YES;
				CLANG_WARN_OBJC_LITERAL_CONVERSION = YES;
				CLANG_WARN_OBJC_ROOT_CLASS = YES_ERROR;
				CLANG_WARN_RANGE_LOOP_ANALYSIS = YES;
				CLANG_WARN_STRICT_PROTOTYPES = YES;
				CLANG_WARN_SUSPICIOUS_MOVE = YES;
				CLANG_WARN_UNGUARDED_AVAILABILITY = YES_AGGRESSIVE;
				CLANG_WARN_UNREACHABLE_CODE = YES;
				CLANG_WARN__DUPLICATE_METHOD_MATCH = YES;
				COPY_PHASE_STRIP = NO;
				DEBUG_INFORMATION_FORMAT = "dwarf-with-dsym";
				ENABLE_NS_ASSERTIONS = NO;
				ENABLE_STRICT_OBJC_MSGSEND = YES;
				GCC_C_LANGUAGE_STANDARD = gnu11;
				GCC_NO_COMMON_BLOCKS = YES;
				GCC_WARN_64_TO_32_BIT_CONVERSION = YES;
				GCC_WARN_ABOUT_RETURN_TYPE = YES_ERROR;
				GCC_WARN_UNDECLARED_SELECTOR = YES;
				GCC_WARN_UNINITIALIZED_AUTOS = YES_AGGRESSIVE;
				GCC_WARN_UNUSED_FUNCTION = YES;
				GCC_WARN_UNUSED_VARIABLE = YES;
				IPHONEOS_DEPLOYMENT_TARGET = 13.2;
				MTL_ENABLE_DEBUG_INFO = NO;
				MTL_FAST_MATH = YES;
				SDKROOT = iphoneos;
				SWIFT_COMPILATION_MODE = wholemodule;
				SWIFT_OPTIMIZATION_LEVEL = "-O";
				VALIDATE_PRODUCT = YES;
			};
			name = Release;
		};
		0BC091FC23BA15ED00E3548B /* Debug */ = {
			isa = XCBuildConfiguration;
			buildSettings = {
				ASSETCATALOG_COMPILER_APPICON_NAME = AppIcon;
				CODE_SIGN_STYLE = Automatic;
				DEVELOPMENT_TEAM = 9W3WH25P2R;
				INFOPLIST_FILE = "Github-Followers/Info.plist";
				LD_RUNPATH_SEARCH_PATHS = (
					"$(inherited)",
					"@executable_path/Frameworks",
				);
				PRODUCT_BUNDLE_IDENTIFIER = "com.OrbSec.Github-Followers";
				PRODUCT_NAME = "$(TARGET_NAME)";
				SWIFT_VERSION = 5.0;
				TARGETED_DEVICE_FAMILY = "1,2";
			};
			name = Debug;
		};
		0BC091FD23BA15ED00E3548B /* Release */ = {
			isa = XCBuildConfiguration;
			buildSettings = {
				ASSETCATALOG_COMPILER_APPICON_NAME = AppIcon;
				CODE_SIGN_STYLE = Automatic;
				DEVELOPMENT_TEAM = 9W3WH25P2R;
				INFOPLIST_FILE = "Github-Followers/Info.plist";
				LD_RUNPATH_SEARCH_PATHS = (
					"$(inherited)",
					"@executable_path/Frameworks",
				);
				PRODUCT_BUNDLE_IDENTIFIER = "com.OrbSec.Github-Followers";
				PRODUCT_NAME = "$(TARGET_NAME)";
				SWIFT_VERSION = 5.0;
				TARGETED_DEVICE_FAMILY = "1,2";
			};
			name = Release;
		};
/* End XCBuildConfiguration section */

/* Begin XCConfigurationList section */
		0BC091E223BA15E700E3548B /* Build configuration list for PBXProject "Github-Followers" */ = {
			isa = XCConfigurationList;
			buildConfigurations = (
				0BC091F923BA15ED00E3548B /* Debug */,
				0BC091FA23BA15ED00E3548B /* Release */,
			);
			defaultConfigurationIsVisible = 0;
			defaultConfigurationName = Release;
		};
		0BC091FB23BA15ED00E3548B /* Build configuration list for PBXNativeTarget "Github-Followers" */ = {
			isa = XCConfigurationList;
			buildConfigurations = (
				0BC091FC23BA15ED00E3548B /* Debug */,
				0BC091FD23BA15ED00E3548B /* Release */,
			);
			defaultConfigurationIsVisible = 0;
			defaultConfigurationName = Release;
		};
/* End XCConfigurationList section */
	};
	rootObject = 0BC091DF23BA15E700E3548B /* Project object */;
}
